# This file is automatically @generated by Cargo.
# It is not intended for manual editing.
version = 3

[[package]]
name = "bitflags"
version = "1.0.4"
source = "registry+https://github.com/rust-lang/crates.io-index"
checksum = "228047a76f468627ca71776ecdebd732a3423081fcf5125585bcd7c49886ce12"

[[package]]
name = "embedded-hal"
version = "0.2.2"
source = "registry+https://github.com/rust-lang/crates.io-index"
checksum = "9880e55238830314d41d88f1ac7a819d495799c3cc3bc392cc172bab26428c33"
dependencies = [
 "nb",
 "void",
]

[[package]]
name = "lis3mdl"
version = "0.1.0"
dependencies = [
 "bitflags",
 "embedded-hal",
]

[[package]]
name = "nb"
version = "0.1.1"
source = "registry+https://github.com/rust-lang/crates.io-index"
checksum = "69f380b5fe9fab8c0d7a6a99cda23e2cc0463bedb2cbc3aada0813b98496ecdc"

[[package]]
name = "void"
version = "1.0.2"
source = "registry+https://github.com/rust-lang/crates.io-index"
checksum = "6a02e4885ed3bc0f2de90ea6dd45ebcbb66dacffe03547fadbb0eeae2770887d"
